
Microsoft Visual Studio Solution File, Format Version 12.00
# Visual Studio Version 17
VisualStudioVersion = 17.8.34330.188
MinimumVisualStudioVersion = 10.0.40219.1
Project("{9A19103F-16F7-4668-BE54-9A1E7A4F7556}") = "Calculadora", "Calculadora\Calculadora.csproj", "{FA0B9495-D7D2-4C5F-9571-6C6D752509A0}"
EndProject
Global
	GlobalSection(SolutionConfigurationPlatforms) = preSolution
		Debug|Any CPU = Debug|Any CPU
		Release|Any CPU = Release|Any CPU
	EndGlobalSection
	GlobalSection(ProjectConfigurationPlatforms) = postSolution
		{FA0B9495-D7D2-4C5F-9571-6C6D752509A0}.Debug|Any CPU.ActiveCfg = Debug|Any CPU
		{FA0B9495-D7D2-4C5F-9571-6C6D752509A0}.Debug|Any CPU.Build.0 = Debug|Any CPU
		{FA0B9495-D7D2-4C5F-9571-6C6D752509A0}.Release|Any CPU.ActiveCfg = Release|Any CPU
		{FA0B9495-D7D2-4C5F-9571-6C6D752509A0}.Release|Any CPU.Build.0 = Release|Any CPU
	EndGlobalSection
	GlobalSection(SolutionProperties) = preSolution
		HideSolutionNode = FALSE
	EndGlobalSection
	GlobalSection(ExtensibilityGlobals) = postSolution
		SolutionGuid = {BD12FE7C-A6D1-42CF-9F2E-0AC1220954EC}
	EndGlobalSection
EndGlobal
